Microsoft Visual Studio Solution File, Format Version 11.00
# Visual Studio 2008

Project("{4B729261-CF45-3278-7052-8920781485F4}") = "Procedural", "Assembly-CSharp-firstpass.csproj", "{2E197674-3E15-C458-D1E1-6F8653C2F14B}"
EndProject
Project("{4B729261-CF45-3278-7052-8920781485F4}") = "Procedural", "Assembly-UnityScript.unityproj", "{71D38569-BC10-73D7-9398-CEA070993317}"
EndProject
Global
	GlobalSection(SolutionConfigurationPlatforms) = preSolution
		Debug|Any CPU = Debug|Any CPU
		Release|Any CPU = Release|Any CPU
	EndGlobalSection
	GlobalSection(ProjectConfigurationPlatforms) = postSolution
		{2E197674-3E15-C458-D1E1-6F8653C2F14B}.Debug|Any CPU.ActiveCfg = Debug|Any CPU
		{2E197674-3E15-C458-D1E1-6F8653C2F14B}.Debug|Any CPU.Build.0 = Debug|Any CPU
		{2E197674-3E15-C458-D1E1-6F8653C2F14B}.Release|Any CPU.ActiveCfg = Release|Any CPU
		{2E197674-3E15-C458-D1E1-6F8653C2F14B}.Release|Any CPU.Build.0 = Release|Any CPU
		{71D38569-BC10-73D7-9398-CEA070993317}.Debug|Any CPU.ActiveCfg = Debug|Any CPU
		{71D38569-BC10-73D7-9398-CEA070993317}.Debug|Any CPU.Build.0 = Debug|Any CPU
		{71D38569-BC10-73D7-9398-CEA070993317}.Release|Any CPU.ActiveCfg = Release|Any CPU
		{71D38569-BC10-73D7-9398-CEA070993317}.Release|Any CPU.Build.0 = Release|Any CPU
	EndGlobalSection
	GlobalSection(SolutionProperties) = preSolution
		HideSolutionNode = FALSE
	EndGlobalSection
																																									GlobalSection(MonoDevelopProperties) = preSolution
		StartupItem = Assembly-CSharp.csproj
		Policies = $0
		$0.TextStylePolicy = $1
		$1.inheritsSet = null
		$1.scope = text/x-csharp
		$0.CSharpFormattingPolicy = $2
		$2.inheritsSet = Mono
		$2.inheritsScope = text/x-csharp
		$2.scope = text/x-csharp
		$0.TextStylePolicy = $3
		$3.FileWidth = 120
		$3.TabWidth = 4
		$3.EolMarker = Unix
		$3.inheritsSet = Mono
		$3.inheritsScope = text/plain
		$3.scope = text/plain
	EndGlobalSection

EndGlobal
